
Microsoft Visual Studio Solution File, Format Version 12.00
# Visual Studio Version 17
VisualStudioVersion = 17.9.34701.34
MinimumVisualStudioVersion = 10.0.40219.1
Project("{9A19103F-16F7-4668-BE54-9A1E7A4F7556}") = "PerfectSql", "PerfectSql.csproj", "{69888238-4F3F-42A5-8297-257B1EB4A19C}"
EndProject
Project("{9A19103F-16F7-4668-BE54-9A1E7A4F7556}") = "Tests", "Tests\Tests.csproj", "{7610DCA5-70E4-4D65-A925-3C8B954DDE62}"
EndProject
Global
	GlobalSection(SolutionConfigurationPlatforms) = preSolution
		Debug|Any CPU = Debug|Any CPU
		Release|Any CPU = Release|Any CPU
	EndGlobalSection
	GlobalSection(ProjectConfigurationPlatforms) = postSolution
		{69888238-4F3F-42A5-8297-257B1EB4A19C}.Debug|Any CPU.ActiveCfg = Debug|Any CPU
		{69888238-4F3F-42A5-8297-257B1EB4A19C}.Debug|Any CPU.Build.0 = Debug|Any CPU
		{69888238-4F3F-42A5-8297-257B1EB4A19C}.Release|Any CPU.ActiveCfg = Release|Any CPU
		{69888238-4F3F-42A5-8297-257B1EB4A19C}.Release|Any CPU.Build.0 = Release|Any CPU
		{7610DCA5-70E4-4D65-A925-3C8B954DDE62}.Debug|Any CPU.ActiveCfg = Debug|Any CPU
		{7610DCA5-70E4-4D65-A925-3C8B954DDE62}.Debug|Any CPU.Build.0 = Debug|Any CPU
		{7610DCA5-70E4-4D65-A925-3C8B954DDE62}.Release|Any CPU.ActiveCfg = Release|Any CPU
		{7610DCA5-70E4-4D65-A925-3C8B954DDE62}.Release|Any CPU.Build.0 = Release|Any CPU
	EndGlobalSection
	GlobalSection(SolutionProperties) = preSolution
		HideSolutionNode = FALSE
	EndGlobalSection
	GlobalSection(ExtensibilityGlobals) = postSolution
		SolutionGuid = {7D97E846-34D9-43E1-A1C4-97026FF41B38}
	EndGlobalSection
EndGlobal
